
Microsoft Visual Studio Solution File, Format Version 12.00
# Visual Studio Version 17
VisualStudioVersion = 17.0.31903.59
MinimumVisualStudioVersion = 10.0.40219.1
Project("{2150E333-8FDC-42A3-9474-1A3956D46DE8}") = "src", "src", "{CBFBFB08-58A9-4C78-9D80-85911F5D7923}"
EndProject
Project("{FAE04EC0-301F-11D3-BF4B-00C04F79EFBC}") = "MyFirstApi", "src\MyFirstApi\MyFirstApi.csproj", "{2A379AD7-F012-42A8-90A4-AFBD2426EE5B}"
EndProject
Project("{FAE04EC0-301F-11D3-BF4B-00C04F79EFBC}") = "MyFirstLib", "src\MyFirstLib\MyFirstLib.csproj", "{D2D7AADA-07B8-4205-8454-2E7F0F68C7E2}"
EndProject
Project("{2150E333-8FDC-42A3-9474-1A3956D46DE8}") = "test", "test", "{E88703B9-B85A-449C-BE62-3369652ED329}"
EndProject
Project("{FAE04EC0-301F-11D3-BF4B-00C04F79EFBC}") = "MyFirstTests", "test\MyFirstTests\MyFirstTests.csproj", "{9D0AB772-F6D8-4C44-8A99-60C52CF248E5}"
EndProject
Global
	GlobalSection(SolutionConfigurationPlatforms) = preSolution
		Debug|Any CPU = Debug|Any CPU
		Release|Any CPU = Release|Any CPU
	EndGlobalSection
	GlobalSection(SolutionProperties) = preSolution
		HideSolutionNode = FALSE
	EndGlobalSection
	GlobalSection(ProjectConfigurationPlatforms) = postSolution
		{2A379AD7-F012-42A8-90A4-AFBD2426EE5B}.Debug|Any CPU.ActiveCfg = Debug|Any CPU
		{2A379AD7-F012-42A8-90A4-AFBD2426EE5B}.Debug|Any CPU.Build.0 = Debug|Any CPU
		{2A379AD7-F012-42A8-90A4-AFBD2426EE5B}.Release|Any CPU.ActiveCfg = Release|Any CPU
		{2A379AD7-F012-42A8-90A4-AFBD2426EE5B}.Release|Any CPU.Build.0 = Release|Any CPU
		{D2D7AADA-07B8-4205-8454-2E7F0F68C7E2}.Debug|Any CPU.ActiveCfg = Debug|Any CPU
		{D2D7AADA-07B8-4205-8454-2E7F0F68C7E2}.Debug|Any CPU.Build.0 = Debug|Any CPU
		{D2D7AADA-07B8-4205-8454-2E7F0F68C7E2}.Release|Any CPU.ActiveCfg = Release|Any CPU
		{D2D7AADA-07B8-4205-8454-2E7F0F68C7E2}.Release|Any CPU.Build.0 = Release|Any CPU
		{9D0AB772-F6D8-4C44-8A99-60C52CF248E5}.Debug|Any CPU.ActiveCfg = Debug|Any CPU
		{9D0AB772-F6D8-4C44-8A99-60C52CF248E5}.Debug|Any CPU.Build.0 = Debug|Any CPU
		{9D0AB772-F6D8-4C44-8A99-60C52CF248E5}.Release|Any CPU.ActiveCfg = Release|Any CPU
		{9D0AB772-F6D8-4C44-8A99-60C52CF248E5}.Release|Any CPU.Build.0 = Release|Any CPU
	EndGlobalSection
	GlobalSection(NestedProjects) = preSolution
		{2A379AD7-F012-42A8-90A4-AFBD2426EE5B} = {CBFBFB08-58A9-4C78-9D80-85911F5D7923}
		{D2D7AADA-07B8-4205-8454-2E7F0F68C7E2} = {CBFBFB08-58A9-4C78-9D80-85911F5D7923}
		{9D0AB772-F6D8-4C44-8A99-60C52CF248E5} = {E88703B9-B85A-449C-BE62-3369652ED329}
	EndGlobalSection
EndGlobal
